{"is_source_file": false, "format": "", "description": "", "external_files": [], "external_methods": [], "published": [], "classes": [], "methods": [], "calls": [], "search-terms": [], "state": 2, "file_id": 8, "knowledge_revision": 24, "git_revision": "b4f3ed971da7695850daec8ca8808669ace8050c", "hash": "e9b4c3b42cef0193b7fddb548d37e652", "format-version": 4, "code-base-name": "reactjs_frontend", "filename": "reactjs_frontend/post_process_status.lock", "revision_history": [{"24": "b4f3ed971da7695850daec8ca8808669ace8050c"}]}